
Microsoft Visual Studio Solution File, Format Version 12.00
# Visual Studio Version 17
VisualStudioVersion = 17.5.002.0
MinimumVisualStudioVersion = 10.0.40219.1
Project("{9A19103F-16F7-4668-BE54-9A1E7A4F7556}") = "TrilhaApiDesafio", "TrilhaApiDesafio.csproj", "{9E4C8BB4-72E3-43FF-9977-BA1D81C4684A}"
EndProject
Global
	GlobalSection(SolutionConfigurationPlatforms) = preSolution
		Debug|Any CPU = Debug|Any CPU
		Release|Any CPU = Release|Any CPU
	EndGlobalSection
	GlobalSection(ProjectConfigurationPlatforms) = postSolution
		{9E4C8BB4-72E3-43FF-9977-BA1D81C4684A}.Debug|Any CPU.ActiveCfg = Debug|Any CPU
		{9E4C8BB4-72E3-43FF-9977-BA1D81C4684A}.Debug|Any CPU.Build.0 = Debug|Any CPU
		{9E4C8BB4-72E3-43FF-9977-BA1D81C4684A}.Release|Any CPU.ActiveCfg = Release|Any CPU
		{9E4C8BB4-72E3-43FF-9977-BA1D81C4684A}.Release|Any CPU.Build.0 = Release|Any CPU
	EndGlobalSection
	GlobalSection(SolutionProperties) = preSolution
		HideSolutionNode = FALSE
	EndGlobalSection
	GlobalSection(ExtensibilityGlobals) = postSolution
		SolutionGuid = {973299F5-F409-48B2-91F9-4959A287C103}
	EndGlobalSection
EndGlobal
